
Microsoft Visual Studio Solution File, Format Version 12.00
# Visual Studio 15
VisualStudioVersion = 15.0.28010.2016
MinimumVisualStudioVersion = 10.0.40219.1
Project("{FAE04EC0-301F-11D3-BF4B-00C04F79EFBC}") = "Tests", "Tests\Tests.csproj", "{BCD55394-66AD-4D2F-93C0-2FFB70F93189}"
EndProject
Global
	GlobalSection(SolutionConfigurationPlatforms) = preSolution
		Debug|Any CPU = Debug|Any CPU
		Release|Any CPU = Release|Any CPU
	EndGlobalSection
	GlobalSection(ProjectConfigurationPlatforms) = postSolution
		{BCD55394-66AD-4D2F-93C0-2FFB70F93189}.Debug|Any CPU.ActiveCfg = Debug|Any CPU
		{BCD55394-66AD-4D2F-93C0-2FFB70F93189}.Debug|Any CPU.Build.0 = Debug|Any CPU
		{BCD55394-66AD-4D2F-93C0-2FFB70F93189}.Release|Any CPU.ActiveCfg = Release|Any CPU
		{BCD55394-66AD-4D2F-93C0-2FFB70F93189}.Release|Any CPU.Build.0 = Release|Any CPU
	EndGlobalSection
	GlobalSection(SolutionProperties) = preSolution
		HideSolutionNode = FALSE
	EndGlobalSection
	GlobalSection(ExtensibilityGlobals) = postSolution
		SolutionGuid = {4F4B67DA-7BBB-4918-9DC1-38F0EED26FF4}
	EndGlobalSection
EndGlobal
